
Microsoft Visual Studio Solution File, Format Version 12.00
# Visual Studio Version 16
VisualStudioVersion = 16.0.30717.126
MinimumVisualStudioVersion = 10.0.40219.1
Project("{FAE04EC0-301F-11D3-BF4B-00C04F79EFBC}") = "GameSale", "GameSale\GameSale.csproj", "{D9ACFF10-6085-4DCD-9C83-9BC6E66DBB04}"
EndProject
Global
	GlobalSection(SolutionConfigurationPlatforms) = preSolution
		Debug|Any CPU = Debug|Any CPU
		Release|Any CPU = Release|Any CPU
	EndGlobalSection
	GlobalSection(ProjectConfigurationPlatforms) = postSolution
		{D9ACFF10-6085-4DCD-9C83-9BC6E66DBB04}.Debug|Any CPU.ActiveCfg = Debug|Any CPU
		{D9ACFF10-6085-4DCD-9C83-9BC6E66DBB04}.Debug|Any CPU.Build.0 = Debug|Any CPU
		{D9ACFF10-6085-4DCD-9C83-9BC6E66DBB04}.Release|Any CPU.ActiveCfg = Release|Any CPU
		{D9ACFF10-6085-4DCD-9C83-9BC6E66DBB04}.Release|Any CPU.Build.0 = Release|Any CPU
	EndGlobalSection
	GlobalSection(SolutionProperties) = preSolution
		HideSolutionNode = FALSE
	EndGlobalSection
	GlobalSection(ExtensibilityGlobals) = postSolution
		SolutionGuid = {C99B0F6E-23B2-4CDC-B7CE-C40E2E6605A1}
	EndGlobalSection
EndGlobal
